
Microsoft Visual Studio Solution File, Format Version 12.00
# Visual Studio Version 16
VisualStudioVersion = 16.0.30523.141
MinimumVisualStudioVersion = 10.0.40219.1
Project("{9A19103F-16F7-4668-BE54-9A1E7A4F7556}") = "TaxCalculator", "TaxCalculator\TaxCalculator.csproj", "{994BE17F-C134-4F4D-91AE-EBF986D1CD82}"
EndProject
Project("{9A19103F-16F7-4668-BE54-9A1E7A4F7556}") = "TaxCalculator.Tests", "TaxCalculator.Tests\TaxCalculator.Tests.csproj", "{1B912E16-5A04-47B7-B627-2CB5F6B68433}"
EndProject
Global
	GlobalSection(SolutionConfigurationPlatforms) = preSolution
		Debug|Any CPU = Debug|Any CPU
		Release|Any CPU = Release|Any CPU
	EndGlobalSection
	GlobalSection(ProjectConfigurationPlatforms) = postSolution
		{994BE17F-C134-4F4D-91AE-EBF986D1CD82}.Debug|Any CPU.ActiveCfg = Debug|Any CPU
		{994BE17F-C134-4F4D-91AE-EBF986D1CD82}.Debug|Any CPU.Build.0 = Debug|Any CPU
		{994BE17F-C134-4F4D-91AE-EBF986D1CD82}.Release|Any CPU.ActiveCfg = Release|Any CPU
		{994BE17F-C134-4F4D-91AE-EBF986D1CD82}.Release|Any CPU.Build.0 = Release|Any CPU
		{1B912E16-5A04-47B7-B627-2CB5F6B68433}.Debug|Any CPU.ActiveCfg = Debug|Any CPU
		{1B912E16-5A04-47B7-B627-2CB5F6B68433}.Debug|Any CPU.Build.0 = Debug|Any CPU
		{1B912E16-5A04-47B7-B627-2CB5F6B68433}.Release|Any CPU.ActiveCfg = Release|Any CPU
		{1B912E16-5A04-47B7-B627-2CB5F6B68433}.Release|Any CPU.Build.0 = Release|Any CPU
	EndGlobalSection
	GlobalSection(SolutionProperties) = preSolution
		HideSolutionNode = FALSE
	EndGlobalSection
	GlobalSection(ExtensibilityGlobals) = postSolution
		SolutionGuid = {CF8D5165-5F4C-407C-80A6-5E3E8A74C579}
	EndGlobalSection
EndGlobal
